DEPENDENCIES
  zabbix_part
    path: site-cookbooks/zabbix_part

GRAPH
  7-zip (1.0.2)
    windows (>= 1.2.2)
  apache2 (3.0.1)
    iptables (>= 0.0.0)
    logrotate (>= 0.0.0)
  apt (2.6.1)
  ark (0.9.0)
    7-zip (>= 0.0.0)
    windows (>= 0.0.0)
  aws (2.6.4)
  bluepill (2.3.1)
    rsyslog (>= 0.0.0)
  build-essential (2.1.3)
  chef-sugar (2.5.0)
  chef_handler (1.1.6)
  chocolatey (0.2.0)
    windows (~> 1.31)
  cpan (0.0.32)
  database (2.3.1)
    aws (>= 0.0.0)
    mysql (~> 5.0)
    mysql-chef_gem (~> 0.0)
    postgresql (>= 1.0.0)
    xfs (>= 0.0.0)
  firewall (0.11.8)
  iis (4.1.0)
    windows (>= 1.34.6)
  iptables (0.14.1)
  java (1.31.0)
  logrotate (1.8.0)
  mysql (5.6.1)
    yum-mysql-community (>= 0.0.0)
  mysql-chef_gem (0.0.5)
    build-essential (>= 0.0.0)
    mysql (>= 0.0.0)
  nginx (2.7.4)
    apt (~> 2.2)
    bluepill (~> 2.3)
    build-essential (~> 2.0)
    ohai (~> 2.0)
    runit (~> 1.2)
    yum-epel (~> 0.3)
  ohai (2.0.1)
  openssl (4.0.0)
    chef-sugar (>= 0.0.0)
  oracle-instantclient (1.1.0)
    build-essential (>= 0.0.0)
    cpan (>= 0.0.0)
    php (>= 0.0.0)
  php (1.5.0)
    build-essential (>= 0.0.0)
    iis (>= 0.0.0)
    mysql (>= 0.0.0)
    windows (>= 0.0.0)
    xml (>= 0.0.0)
    yum-epel (>= 0.0.0)
  php-fpm (0.7.0)
    apt (>= 0.0.0)
    yum (>= 3.0)
  postgresql (3.4.18)
    apt (>= 1.9.0)
    build-essential (>= 0.0.0)
    openssl (~> 4.0.0)
  rsyslog (1.15.0)
  runit (1.5.16)
    build-essential (>= 0.0.0)
    yum (~> 3.0)
    yum-epel (>= 0.0.0)
  ufw (0.7.4)
    firewall (>= 0.9.0)
  windows (1.36.6)
    chef_handler (>= 0.0.0)
  xfs (1.1.0)
  xml (1.2.13)
    build-essential (>= 0.0.0)
    chef-sugar (>= 0.0.0)
  yum (3.5.3)
  yum-epel (0.6.0)
    yum (~> 3.0)
  yum-mysql-community (0.1.13)
    yum (>= 3.0)
  zabbix (0.8.0)
    apache2 (>= 1.0.8)
    ark (>= 0.7.2)
    chocolatey (>= 0.0.0)
    database (>= 1.3.0)
    java (>= 0.0.0)
    mysql (>= 1.3.0)
    nginx (>= 1.0.0)
    oracle-instantclient (>= 0.0.0)
    php (>= 0.0.0)
    php-fpm (>= 0.0.0)
    postgresql (>= 0.0.0)
    ufw (>= 0.6.1)
    yum (>= 0.0.0)
    yum-epel (>= 0.0.0)
  zabbix_part (0.0.1)
    apache2 (>= 0.0.0)
    database (= 2.3.1)
    mysql (>= 0.0.0)
    yum-epel (>= 0.0.0)
    zabbix (>= 0.0.0)
